
Microsoft Visual Studio Solution File, Format Version 10.00
# Visual Studio 2008
# SharpDevelop 4.4
Project("{FAE04EC0-301F-11D3-BF4B-00C04F79EFBC}") = "Text2Subfolders", "Text2Subfolders\Text2Subfolders.csproj", "{9B323BB6-D37E-46EA-BE47-D61630A3B8E8}"
EndProject
Global
	GlobalSection(SolutionConfigurationPlatforms) = preSolution
		Debug|Any CPU = Debug|Any CPU
		Release|Any CPU = Release|Any CPU
	EndGlobalSection
	GlobalSection(ProjectConfigurationPlatforms) = postSolution
		{9B323BB6-D37E-46EA-BE47-D61630A3B8E8}.Debug|Any CPU.Build.0 = Debug|Any CPU
		{9B323BB6-D37E-46EA-BE47-D61630A3B8E8}.Debug|Any CPU.ActiveCfg = Debug|Any CPU
		{9B323BB6-D37E-46EA-BE47-D61630A3B8E8}.Release|Any CPU.Build.0 = Release|Any CPU
		{9B323BB6-D37E-46EA-BE47-D61630A3B8E8}.Release|Any CPU.ActiveCfg = Release|Any CPU
	EndGlobalSection
EndGlobal
